
Microsoft Visual Studio Solution File, Format Version 12.00
# Visual Studio 2012
Project("{FAE04EC0-301F-11D3-BF4B-00C04F79EFBC}") = "CodeJewels.DataLayer", "CodeJewels.DataLayer\CodeJewels.DataLayer.csproj", "{1C1099A8-7201-4C06-A938-E656D691EE67}"
EndProject
Project("{FAE04EC0-301F-11D3-BF4B-00C04F79EFBC}") = "CodeJewels.Models", "CodeJewels.Models\CodeJewels.Models.csproj", "{713D265B-F554-4DAF-9379-643E7A48B814}"
EndProject
Project("{FAE04EC0-301F-11D3-BF4B-00C04F79EFBC}") = "SendMailsHook", "SendMailsHook\SendMailsHook.csproj", "{21BCF1BD-092B-4838-BB22-1EDFBF5F863E}"
EndProject
Project("{FAE04EC0-301F-11D3-BF4B-00C04F79EFBC}") = "Email.Client", "Email.Client\Email.Client.csproj", "{4C43FD07-2E20-425B-B182-3599753F31D3}"
EndProject
Global
	GlobalSection(SolutionConfigurationPlatforms) = preSolution
		Debug|Any CPU = Debug|Any CPU
		Release|Any CPU = Release|Any CPU
	EndGlobalSection
	GlobalSection(ProjectConfigurationPlatforms) = postSolution
		{1C1099A8-7201-4C06-A938-E656D691EE67}.Debug|Any CPU.ActiveCfg = Debug|Any CPU
		{1C1099A8-7201-4C06-A938-E656D691EE67}.Debug|Any CPU.Build.0 = Debug|Any CPU
		{1C1099A8-7201-4C06-A938-E656D691EE67}.Release|Any CPU.ActiveCfg = Release|Any CPU
		{1C1099A8-7201-4C06-A938-E656D691EE67}.Release|Any CPU.Build.0 = Release|Any CPU
		{713D265B-F554-4DAF-9379-643E7A48B814}.Debug|Any CPU.ActiveCfg = Debug|Any CPU
		{713D265B-F554-4DAF-9379-643E7A48B814}.Debug|Any CPU.Build.0 = Debug|Any CPU
		{713D265B-F554-4DAF-9379-643E7A48B814}.Release|Any CPU.ActiveCfg = Release|Any CPU
		{713D265B-F554-4DAF-9379-643E7A48B814}.Release|Any CPU.Build.0 = Release|Any CPU
		{21BCF1BD-092B-4838-BB22-1EDFBF5F863E}.Debug|Any CPU.ActiveCfg = Debug|Any CPU
		{21BCF1BD-092B-4838-BB22-1EDFBF5F863E}.Debug|Any CPU.Build.0 = Debug|Any CPU
		{21BCF1BD-092B-4838-BB22-1EDFBF5F863E}.Release|Any CPU.ActiveCfg = Release|Any CPU
		{21BCF1BD-092B-4838-BB22-1EDFBF5F863E}.Release|Any CPU.Build.0 = Release|Any CPU
		{4C43FD07-2E20-425B-B182-3599753F31D3}.Debug|Any CPU.ActiveCfg = Debug|Any CPU
		{4C43FD07-2E20-425B-B182-3599753F31D3}.Debug|Any CPU.Build.0 = Debug|Any CPU
		{4C43FD07-2E20-425B-B182-3599753F31D3}.Release|Any CPU.ActiveCfg = Release|Any CPU
		{4C43FD07-2E20-425B-B182-3599753F31D3}.Release|Any CPU.Build.0 = Release|Any CPU
	EndGlobalSection
	GlobalSection(SolutionProperties) = preSolution
		HideSolutionNode = FALSE
	EndGlobalSection
EndGlobal
